{
  "name": "EmerPlus",
  "lockfileVersion": 3,
  "requires": true,
  "packages": {
    "": {
      "dependencies": {
        "@ionic/angular": "^8.2.7"
      }
    },
    "node_modules/@angular/common": {
      "version": "18.2.2",
      "resolved": "https://registry.npmjs.org/@angular/common/-/common-18.2.2.tgz",
      "integrity": "sha512-AQe4xnnNNch/sXRnV82C8FmhijxPATKfPGojC2qbAG2o6VkWKgt5Lbj0O8WxvSIOS5Syedv+O2kLY/JMGWHNtw==",
      "license": "MIT",
      "peer": true,
      "dependencies": {
        "tslib": "^2.3.0"
      },
      "engines": {
        "node": "^18.19.1 || ^20.11.1 || >=22.0.0"
      },
      "peerDependencies": {
        "@angular/core": "18.2.2",
        "rxjs": "^6.5.3 || ^7.4.0"
      }
    },
    "node_modules/@angular/core": {
      "version": "18.2.2",
      "resolved": "https://registry.npmjs.org/@angular/core/-/core-18.2.2.tgz",
      "integrity": "sha512-Rx6XajL0Ydj9hXUSPDvL2Q/kMzWtbiE3VxZFJnkE+fLQiWvr0GncB+NTb/nQ6QlPQ0ly60DvuI3KLcGDuFtGVA==",
      "license": "MIT",
      "peer": true,
      "dependencies": {
        "tslib": "^2.3.0"
      },
      "engines": {
        "node": "^18.19.1 || ^20.11.1 || >=22.0.0"
      },
      "peerDependencies": {
        "rxjs": "^6.5.3 || ^7.4.0",
        "zone.js": "~0.14.10"
      }
    },
    "node_modules/@angular/forms": {
      "version": "18.2.2",
      "resolved": "https://registry.npmjs.org/@angular/forms/-/forms-18.2.2.tgz",
      "integrity": "sha512-K8cv0w6o7+ocQfUrdSA3XaKrYfa1+2TlmtyxPHjEd2mCu2R+Yqo5RqJ3P8keFewJ1+bSLhz6xnn6mumwl0RnUQ==",
      "license": "MIT",
      "peer": true,
      "dependencies": {
        "tslib": "^2.3.0"
      },
      "engines": {
        "node": "^18.19.1 || ^20.11.1 || >=22.0.0"
      },
      "peerDependencies": {
        "@angular/common": "18.2.2",
        "@angular/core": "18.2.2",
        "@angular/platform-browser": "18.2.2",
        "rxjs": "^6.5.3 || ^7.4.0"
      }
    },
    "node_modules/@angular/platform-browser": {
      "version": "18.2.2",
      "resolved": "https://registry.npmjs.org/@angular/platform-browser/-/platform-browser-18.2.2.tgz",
      "integrity": "sha512-Bfvl8elCFxyJ9vlwamr4X5sVMcp/tSwBal2coyl0WR+/PH2PAAtf+/WMYxIN90yZmPiJx6RZWUSJRlHOFiFp3A==",
      "license": "MIT",
      "peer": true,
      "dependencies": {
        "tslib": "^2.3.0"
      },
      "engines": {
        "node": "^18.19.1 || ^20.11.1 || >=22.0.0"
      },
      "peerDependencies": {
        "@angular/animations": "18.2.2",
        "@angular/common": "18.2.2",
        "@angular/core": "18.2.2"
      },
      "peerDependenciesMeta": {
        "@angular/animations": {
          "optional": true
        }
      }
    },
    "node_modules/@angular/router": {
      "version": "18.2.2",
      "resolved": "https://registry.npmjs.org/@angular/router/-/router-18.2.2.tgz",
      "integrity": "sha512-tBHwuNtZNjzYAoVdveTI1ke/ZnQjKhc7gqDk9HCH2JUpdQhGbTvCKwDM51ktJpPMPcZlA263lQyy7VIyvdtK0A==",
      "license": "MIT",
      "peer": true,
      "dependencies": {
        "tslib": "^2.3.0"
      },
      "engines": {
        "node": "^18.19.1 || ^20.11.1 || >=22.0.0"
      },
      "peerDependencies": {
        "@angular/common": "18.2.2",
        "@angular/core": "18.2.2",
        "@angular/platform-browser": "18.2.2",
        "rxjs": "^6.5.3 || ^7.4.0"
      }
    },
    "node_modules/@ionic/angular": {
      "version": "8.2.7",
      "resolved": "https://registry.npmjs.org/@ionic/angular/-/angular-8.2.7.tgz",
      "integrity": "sha512-CwUJwSwGOEQEfHDH2T3m9UgJAcV6H3jlus7+pv8XrMlSkNxfDTK1hUAVWgZJqpr1j/9WG3ydVd54bhPbgUOy/Q==",
      "license": "MIT",
      "dependencies": {
        "@ionic/core": "8.2.7",
        "ionicons": "^7.0.0",
        "jsonc-parser": "^3.0.0",
        "tslib": "^2.3.0"
      },
      "peerDependencies": {
        "@angular/core": ">=16.0.0",
        "@angular/forms": ">=16.0.0",
        "@angular/router": ">=16.0.0",
        "rxjs": ">=7.5.0",
        "zone.js": ">=0.13.0"
      }
    },
    "node_modules/@ionic/core": {
      "version": "8.2.7",
      "resolved": "https://registry.npmjs.org/@ionic/core/-/core-8.2.7.tgz",
      "integrity": "sha512-pi7cGjgUcX3dMiku7mO/wh1mQ6yHsHZaUQKKor+fabmoL04YSRJCSJfqf9vImMwmegeon9xU6VPZuiJh2HV8YQ==",
      "license": "MIT",
      "dependencies": {
        "@stencil/core": "^4.19.2",
        "ionicons": "^7.2.2",
        "tslib": "^2.1.0"
      }
    },
    "node_modules/@stencil/core": {
      "version": "4.21.0",
      "resolved": "https://registry.npmjs.org/@stencil/core/-/core-4.21.0.tgz",
      "integrity": "sha512-v50lnVbzS8mpMSnEVxR+G75XpvxHKtkJaQrNPE8+/fF6Ppr5z4bcdcBhcP8LPfEW+4BZcic6VifMXRwTopc+kw==",
      "license": "MIT",
      "bin": {
        "stencil": "bin/stencil"
      },
      "engines": {
        "node": ">=16.0.0",
        "npm": ">=7.10.0"
      }
    },
    "node_modules/ionicons": {
      "version": "7.4.0",
      "resolved": "https://registry.npmjs.org/ionicons/-/ionicons-7.4.0.tgz",
      "integrity": "sha512-ZK94MMqgzMCPPMhmk8Ouu6goyVHFIlw/ACP6oe3FrikcI0N7CX0xcwVaEbUc0G/v3W0shI93vo+9ve/KpvcNhQ==",
      "license": "MIT",
      "dependencies": {
        "@stencil/core": "^4.0.3"
      }
    },
    "node_modules/jsonc-parser": {
      "version": "3.3.1",
      "resolved": "https://registry.npmjs.org/jsonc-parser/-/jsonc-parser-3.3.1.tgz",
      "integrity": "sha512-HUgH65KyejrUFPvHFPbqOY0rsFip3Bo5wb4ngvdi1EpCYWUQDC5V+Y7mZws+DLkr4M//zQJoanu1SP+87Dv1oQ==",
      "license": "MIT"
    },
    "node_modules/rxjs": {
      "version": "7.8.1",
      "resolved": "https://registry.npmjs.org/rxjs/-/rxjs-7.8.1.tgz",
      "integrity": "sha512-AA3TVj+0A2iuIoQkWEK/tqFjBq2j+6PO6Y0zJcvzLAFhEFIO3HL0vls9hWLncZbAAbK0mar7oZ4V079I/qPMxg==",
      "license": "Apache-2.0",
      "peer": true,
      "dependencies": {
        "tslib": "^2.1.0"
      }
    },
    "node_modules/tslib": {
      "version": "2.7.0",
      "resolved": "https://registry.npmjs.org/tslib/-/tslib-2.7.0.tgz",
      "integrity": "sha512-gLXCKdN1/j47AiHiOkJN69hJmcbGTHI0ImLmbYLHykhgeN0jVGola9yVjFgzCUklsZQMW55o+dW7IXv3RCXDzA==",
      "license": "0BSD"
    },
    "node_modules/zone.js": {
      "version": "0.14.10",
      "resolved": "https://registry.npmjs.org/zone.js/-/zone.js-0.14.10.tgz",
      "integrity": "sha512-YGAhaO7J5ywOXW6InXNlLmfU194F8lVgu7bRntUF3TiG8Y3nBK0x1UJJuHUP/e8IyihkjCYqhCScpSwnlaSRkQ==",
      "license": "MIT",
      "peer": true
    }
  }
}
